# This file is automatically @generated by Poetry 1.8.3 and should not be changed by hand.

[[package]]
name = "genson"
version = "1.3.0"
description = "GenSON is a powerful, user-friendly JSON Schema generator."
optional = false
python-versions = "*"
files = [
    {file = "genson-1.3.0-py3-none-any.whl", hash = "sha256:468feccd00274cc7e4c09e84b08704270ba8d95232aa280f65b986139cec67f7"},
    {file = "genson-1.3.0.tar.gz", hash = "sha256:e02db9ac2e3fd29e65b5286f7135762e2cd8a986537c075b06fc5f1517308e37"},
]

[metadata]
lock-version = "2.0"
python-versions = "^3.12"
content-hash = "73e2b65b96c699cbec6eeec69e64c820bdfaf26340f23737bf5fa74952741c2f"
